{
  "name": "qrious",
  "version": "4.0.2",
  "lockfileVersion": 1,
  "requires": true,
  "dependencies": {
    "abbrev": {
      "version": "1.1.0",
      "resolved": "https://registry.npmjs.org/abbrev/-/abbrev-1.1.0.tgz",
      "integrity": "sha1-0FVMIlZjbi9W58LlrRg/hZQo2B8=",
      "dev": true
    },
    "argparse": {
      "version": "1.0.9",
      "resolved": "https://registry.npmjs.org/argparse/-/argparse-1.0.9.tgz",
      "integrity": "sha1-c9g7wmP4bpf4zE9rrhsOkKfSLIY=",
      "dev": true
    },
    "array-each": {
      "version": "1.0.1",
      "resolved": "https://registry.npmjs.org/array-each/-/array-each-1.0.1.tgz",
      "integrity": "sha1-p5SvDAWrF1KEbudTofIRoFugxE8=",
      "dev": true
    },
    "array-slice": {
      "version": "1.1.0",
      "resolved": "https://registry.npmjs.org/array-slice/-/array-slice-1.1.0.tgz",
      "integrity": "sha512-B1qMD3RBP7O8o0H2KbrXDyB0IccejMF15+87Lvlor12ONPRHP6gTjXMNkt/d3ZuOGbAe66hFmaCfECI24Ufp6w==",
      "dev": true
    },
    "color-convert": {
      "version": "2.0.1",
      "resolved": "https://registry.npmjs.org/color-convert/-/color-convert-2.0.1.tgz",
      "integrity": "sha512-RRECPsj7iu/xb5oKYcsFHSppFNnsj/52OVTRKb4zP5onXwVF3zVmmToNcOfGC+CRDpfK/U584fMg38ZHCaElKQ==",
      "dev": true,
      "requires": {
        "color-name": "~1.1.4"
      }
    },
    "color-name": {
      "version": "1.1.4",
      "resolved": "https://registry.npmjs.org/color-name/-/color-name-1.1.4.tgz",
      "integrity": "sha512-dOy+3AuW3a2wNbZHIuMZpTcgjGuLU/uBL/ubcZF9OXbDo8ff4O8yVp5Bf0efS8uEoYo5q4Fx7dY9OgQGXgAsQA==",
      "dev": true
    },
    "colors": {
      "version": "1.1.2",
      "resolved": "https://registry.npmjs.org/colors/-/colors-1.1.2.tgz",
      "integrity": "sha1-FopHAXVran9RoSzgyXv6KMCE7WM=",
      "dev": true
    },
    "detect-file": {
      "version": "1.0.0",
      "resolved": "https://registry.npmjs.org/detect-file/-/detect-file-1.0.0.tgz",
      "integrity": "sha1-8NZtA2cqglyxtzvbP+YjEMjlUrc=",
      "dev": true
    },
    "eslint-config-notninja": {
      "version": "0.1.1",
      "resolved": "https://registry.npmjs.org/eslint-config-notninja/-/eslint-config-notninja-0.1.1.tgz",
      "integrity": "sha1-bD7LRHTEN7RXuwSog6oiXBQTdSA=",
      "dev": true
    },
    "eventemitter2": {
      "version": "0.4.14",
      "resolved": "https://registry.npmjs.org/eventemitter2/-/eventemitter2-0.4.14.tgz",
      "integrity": "sha1-j2G3XN4BKy6esoTUVFWDtWQ7Yas=",
      "dev": true
    },
    "exit": {
      "version": "0.1.2",
      "resolved": "https://registry.npmjs.org/exit/-/exit-0.1.2.tgz",
      "integrity": "sha1-BjJjj42HfMghB9MKD/8aF8uhzQw=",
      "dev": true
    },
    "expand-tilde": {
      "version": "2.0.2",
      "resolved": "https://registry.npmjs.org/expand-tilde/-/expand-tilde-2.0.2.tgz",
      "integrity": "sha1-l+gBqgUt8CRU3kawK/YhZCzchQI=",
      "dev": true,
      "requires": {
        "homedir-polyfill": "^1.0.1"
      }
    },
    "extend": {
      "version": "3.0.2",
      "resolved": "https://registry.npmjs.org/extend/-/extend-3.0.2.tgz",
      "integrity": "sha512-fjquC59cD7CyW6urNXK0FBufkZcoiGG80wTuPujX590cB5Ttln20E2UB4S/WARVqhXffZl2LNgS+gQdPIIim/g==",
      "dev": true
    },
    "findup-sync": {
      "version": "0.3.0",
      "resolved": "https://registry.npmjs.org/findup-sync/-/findup-sync-0.3.0.tgz",
      "integrity": "sha1-N5MKpdgWt3fANEXhlmzGeQpMCxY=",
      "dev": true,
      "dependencies": {
        "glob": {
          "version": "5.0.15",
          "resolved": "https://registry.npmjs.org/glob/-/glob-5.0.15.tgz",
          "integrity": "sha1-G8k2ueAvSmA/zCIuz3Yz0wuLk7E="
        }
      }
    },
    "fined": {
      "version": "1.2.0",
      "resolved": "https://registry.npmjs.org/fined/-/fined-1.2.0.tgz",
      "integrity": "sha512-ZYDqPLGxDkDhDZBjZBb+oD1+j0rA4E0pXY50eplAAOPg2N/gUBSSk5IM1/QhPfyVo19lJ+CvXpqfvk+b2p/8Ng==",
      "dev": true,
      "requires": {
        "expand-tilde": "^2.0.2",
        "is-plain-object": "^2.0.3",
        "object.defaults": "^1.1.0",
        "object.pick": "^1.2.0",
        "parse-filepath": "^1.0.1"
      }
    },
    "flagged-respawn": {
      "version": "1.0.1",
      "resolved": "https://registry.npmjs.org/flagged-respawn/-/flagged-respawn-1.0.1.tgz",
      "integrity": "sha512-lNaHNVymajmk0OJMBn8fVUAU1BtDeKIqKoVhk4xAALB57aALg6b4W0MfJ/cUE0g9YBXy5XhSlPIpYIJ7HaY/3Q==",
      "dev": true
    },
    "for-in": {
      "version": "1.0.2",
      "resolved": "https://registry.npmjs.org/for-in/-/for-in-1.0.2.tgz",
      "integrity": "sha1-gQaNKVqBQuwKxybG4iAMMPttXoA=",
      "dev": true
    },
    "fs.realpath": {
      "version": "1.0.0",
      "resolved": "https://registry.npmjs.org/fs.realpath/-/fs.realpath-1.0.0.tgz",
      "integrity": "sha1-FQStJSMVjKpA20onh8sBQRmU6k8=",
      "dev": true
    },
    "function-bind": {
      "version": "1.1.1",
      "resolved": "https://registry.npmjs.org/function-bind/-/function-bind-1.1.1.tgz",
      "integrity": "sha512-yIovAzMX49sF8Yl58fSCWJ5svSLuaibPxXQJFLmBObTuCr0Mf1KiPopGM9NiFjiYBCbfaa2Fh6breQ6ANVTI0A==",
      "dev": true
    },
    "global-modules": {
      "version": "1.0.0",
      "resolved": "https://registry.npmjs.org/global-modules/-/global-modules-1.0.0.tgz",
      "integrity": "sha512-sKzpEkf11GpOFuw0Zzjzmt4B4UZwjOcG757PPvrfhxcLFbq0wpsgpOqxpxtxFiCG4DtG93M6XRVbF2oGdev7bg==",
      "dev": true,
      "requires": {
        "global-prefix": "^1.0.1",
        "is-windows": "^1.0.1",
        "resolve-dir": "^1.0.0"
      }
    },
    "global-prefix": {
      "version": "1.0.2",
      "resolved": "https://registry.npmjs.org/global-prefix/-/global-prefix-1.0.2.tgz",
      "integrity": "sha1-2/dDxsFJklk8ZVVoy2btMsASLr4=",
      "dev": true,
      "requires": {
        "expand-tilde": "^2.0.2",
        "homedir-polyfill": "^1.0.1",
        "ini": "^1.3.4",
        "is-windows": "^1.0.1",
        "which": "^1.2.14"
      }
    },
    "grunt": {
      "version": "1.5.2",
      "resolved": "https://registry.npmjs.org/grunt/-/grunt-1.5.2.tgz",
      "integrity": "sha512-XCtfaIu72OyDqK24MjWiGC9SwlkuhkS1mrULr1xzuJ2XqAFhP3ZAchZGHJeSCY6mkaOXU4F7SbmmCF7xIVoC9w==",
      "dev": true,
      "requires": {
        "dateformat": "~3.0.3",
        "eventemitter2": "~0.4.13",
        "exit": "~0.1.2",
        "findup-sync": "~0.3.0",
        "glob": "~7.1.6",
        "grunt-cli": "~1.4.3",
        "grunt-known-options": "~2.0.0",
        "grunt-legacy-log": "~3.0.0",
        "grunt-legacy-util": "~2.0.1",
        "iconv-lite": "~0.4.13",
        "js-yaml": "~3.14.0",
        "minimatch": "~3.0.4",
        "mkdirp": "~1.0.4",
        "nopt": "~3.0.6",
        "rimraf": "~3.0.2"
      },
      "dependencies": {
        "ansi-styles": {
          "version": "4.3.0",
          "resolved": "https://registry.npmjs.org/ansi-styles/-/ansi-styles-4.3.0.tgz",
          "integrity": "sha512-zbB9rCJAT1rbjiVDb2hqKFHNYLxgtk8NURxZ3IZwD3F6NtxbXZQCnnSi1Lkx+IDohdPlFp222wVALIheZJQSEg==",
          "dev": true,
          "requires": {
            "color-convert": "^2.0.1"
          }
        },
        "async": {
          "version": "3.2.3",
          "resolved": "https://registry.npmjs.org/async/-/async-3.2.3.tgz",
          "integrity": "sha512-spZRyzKL5l5BZQrr/6m/SqFdBN0q3OCI0f9rjfBzCMBIP4p75P620rR3gTmaksNOhmzgdxcaxdNfMy6anrbM0g==",
          "dev": true
        },
        "chalk": {
          "version": "4.1.2",
          "resolved": "https://registry.npmjs.org/chalk/-/chalk-4.1.2.tgz",
          "integrity": "sha512-oKnbhFyRIXpUuez8iBMmyEa4nbj4IOQyuhc/wy9kY7/WVPcwIO9VA668Pu8RkO7+0G76SLROeyw9CpQ061i4mA==",
          "dev": true,
          "requires": {
            "ansi-styles": "^4.1.0",
            "supports-color": "^7.1.0"
          }
        },
        "dateformat": {
          "version": "3.0.3",
          "resolved": "https://registry.npmjs.org/dateformat/-/dateformat-3.0.3.tgz",
          "integrity": "sha512-jyCETtSl3VMZMWeRo7iY1FL19ges1t55hMo5yaam4Jrsm5EPL89UQkoQRyiI+Yf4k8r2ZpdngkV8hr1lIdjb3Q==",
          "dev": true
        },
        "esprima": {
          "version": "4.0.1",
          "resolved": "https://registry.npmjs.org/esprima/-/esprima-4.0.1.tgz",
          "integrity": "sha512-eGuFFw7Upda+g4p+QHvnW0RyTX/SVeJBDM/gCtMARO0cLuT2HcEKnTPvhjV6aGeqrCB/sbNop0Kszm0jsaWU4A==",
          "dev": true
        },
        "getobject": {
          "version": "1.0.2",
          "resolved": "https://registry.npmjs.org/getobject/-/getobject-1.0.2.tgz",
          "integrity": "sha512-2zblDBaFcb3rB4rF77XVnuINOE2h2k/OnqXAiy0IrTxUfV1iFp3la33oAQVY9pCpWU268WFYVt2t71hlMuLsOg==",
          "dev": true
        },
        "glob": {
          "version": "7.1.7",
          "resolved": "https://registry.npmjs.org/glob/-/glob-7.1.7.tgz",
          "integrity": "sha512-OvD9ENzPLbegENnYP5UUfJIirTg4+XwMWGaQfQTY0JenxNvvIKP3U3/tAQSPIu/lHxXYSZmpXlUHeqAIdKzBLQ==",
          "dev": true,
          "requires": {
            "fs.realpath": "^1.0.0",
            "inflight": "^1.0.4",
            "inherits": "2",
            "minimatch": "^3.0.4",
            "once": "^1.3.0",
            "path-is-absolute": "^1.0.0"
          }
        },
        "grunt-cli": {
          "version": "1.4.3",
          "resolved": "https://registry.npmjs.org/grunt-cli/-/grunt-cli-1.4.3.tgz",
          "integrity": "sha512-9Dtx/AhVeB4LYzsViCjUQkd0Kw0McN2gYpdmGYKtE2a5Yt7v1Q+HYZVWhqXc/kGnxlMtqKDxSwotiGeFmkrCoQ==",
          "dev": true,
          "requires": {
            "grunt-known-options": "~2.0.0",
            "interpret": "~1.1.0",
            "liftup": "~3.0.1",
            "nopt": "~4.0.1",
            "v8flags": "~3.2.0"
          },
          "dependencies": {
            "nopt": {
              "version": "4.0.3",
              "resolved": "https://registry.npmjs.org/nopt/-/nopt-4.0.3.tgz",
              "integrity": "sha512-CvaGwVMztSMJLOeXPrez7fyfObdZqNUK1cPAEzLHrTybIua9pMdmmPR5YwtfNftIOMv3DPUhFaxsZMNTQO20Kg==",
              "dev": true,
              "requires": {
                "abbrev": "1",
                "osenv": "^0.1.4"
              }
            }
          }
        },
        "grunt-known-options": {
          "version": "2.0.0",
          "resolved": "https://registry.npmjs.org/grunt-known-options/-/grunt-known-options-2.0.0.tgz",
          "integrity": "sha512-GD7cTz0I4SAede1/+pAbmJRG44zFLPipVtdL9o3vqx9IEyb7b4/Y3s7r6ofI3CchR5GvYJ+8buCSioDv5dQLiA==",
          "dev": true
        },
        "grunt-legacy-log": {
          "version": "3.0.0",
          "resolved": "https://registry.npmjs.org/grunt-legacy-log/-/grunt-legacy-log-3.0.0.tgz",
          "integrity": "sha512-GHZQzZmhyq0u3hr7aHW4qUH0xDzwp2YXldLPZTCjlOeGscAOWWPftZG3XioW8MasGp+OBRIu39LFx14SLjXRcA==",
          "dev": true,
          "requires": {
            "colors": "~1.1.2",
            "grunt-legacy-log-utils": "~2.1.0",
            "hooker": "~0.2.3",
            "lodash": "~4.17.19"
          }
        },
        "grunt-legacy-log-utils": {
          "version": "2.1.0",
          "resolved": "https://registry.npmjs.org/grunt-legacy-log-utils/-/grunt-legacy-log-utils-2.1.0.tgz",
          "integrity": "sha512-lwquaPXJtKQk0rUM1IQAop5noEpwFqOXasVoedLeNzaibf/OPWjKYvvdqnEHNmU+0T0CaReAXIbGo747ZD+Aaw==",
          "dev": true,
          "requires": {
            "chalk": "~4.1.0",
            "lodash": "~4.17.19"
          }
        },
        "grunt-legacy-util": {
          "version": "2.0.1",
          "resolved": "https://registry.npmjs.org/grunt-legacy-util/-/grunt-legacy-util-2.0.1.tgz",
          "integrity": "sha512-2bQiD4fzXqX8rhNdXkAywCadeqiPiay0oQny77wA2F3WF4grPJXCvAcyoWUJV+po/b15glGkxuSiQCK299UC2w==",
          "dev": true,
          "requires": {
            "async": "~3.2.0",
            "exit": "~0.1.2",
            "getobject": "~1.0.0",
            "hooker": "~0.2.3",
            "lodash": "~4.17.21",
            "underscore.string": "~3.3.5",
            "which": "~2.0.2"
          }
        },
        "interpret": {
          "version": "1.1.0",
          "resolved": "https://registry.npmjs.org/interpret/-/interpret-1.1.0.tgz",
          "integrity": "sha1-ftGxQQxqDg94z5XTuEQMY/eLhhQ=",
          "dev": true
        },
        "js-yaml": {
          "version": "3.14.1",
          "resolved": "https://registry.npmjs.org/js-yaml/-/js-yaml-3.14.1.tgz",
          "integrity": "sha512-okMH7OXXJ7YrN9Ok3/SXrnu4iX9yOk+25nqX4imS2npuvTYDmo/QEZoqwZkYaIDk3jVvBOTOIEgEhaLOynBS9g==",
          "dev": true,
          "requires": {
            "argparse": "^1.0.7",
            "esprima": "^4.0.0"
          }
        },
        "lodash": {
          "version": "4.17.21",
          "resolved": "https://registry.npmjs.org/lodash/-/lodash-4.17.21.tgz",
          "integrity": "sha512-v2kDEe57lecTulaDIuNTPy3Ry4gLGJ6Z1O3vE1krgXZNrsQ+LFTGHVxVjcXPs17LhbZVGedAJv8XZ1tvj5FvSg==",
          "dev": true
        },
        "mkdirp": {
          "version": "1.0.4",
          "resolved": "https://registry.npmjs.org/mkdirp/-/mkdirp-1.0.4.tgz",
          "integrity": "sha512-vVqVZQyf3WLx2Shd0qJ9xuvqgAyKPLAiqITEtqW0oIUjzo3PePDd6fW9iFz30ef7Ysp/oiWqbhszeGWW2T6Gzw==",
          "dev": true
        },
        "rimraf": {
          "version": "3.0.2",
          "resolved": "https://registry.npmjs.org/rimraf/-/rimraf-3.0.2.tgz",
          "integrity": "sha512-JZkJMZkAGFFPP2YqXZXPbMlMBgsxzE8ILs4lMIX/2o0L9UBw9O/Y3o6wFw/i9YLapcUJWwqbi3kdxIPdC62TIA==",
          "dev": true,
          "requires": {
            "glob": "^7.1.3"
          }
        },
        "sprintf-js": {
          "version": "1.1.2",
          "resolved": "https://registry.npmjs.org/sprintf-js/-/sprintf-js-1.1.2.tgz",
          "integrity": "sha512-VE0SOVEHCk7Qc8ulkWw3ntAzXuqf7S2lvwQaDLRnUeIEaKNQJzV6BwmLKhOqT61aGhfUMrXeaBk+oDGCzvhcug==",
          "dev": true
        },
        "supports-color": {
          "version": "7.2.0",
          "resolved": "https://registry.npmjs.org/supports-color/-/supports-color-7.2.0.tgz",
          "integrity": "sha512-qpCAvRl9stuOHveKsn7HncJRvv501qIacKzQlO/+Lwxc9+0q2wLyv4Dfvt80/DPn2pqOBsJdDiogXGR9+OvwRw==",
          "dev": true,
          "requires": {
            "has-flag": "^4.0.0"
          }
        },
        "underscore.string": {
          "version": "3.3.6",
          "resolved": "https://registry.npmjs.org/underscore.string/-/underscore.string-3.3.6.tgz",
          "integrity": "sha512-VoC83HWXmCrF6rgkyxS9GHv8W9Q5nhMKho+OadDJGzL2oDYbYEppBaCMH6pFlwLeqj2QS+hhkw2kpXkSdD1JxQ==",
          "dev": true,
          "requires": {
            "sprintf-js": "^1.1.1",
            "util-deprecate": "^1.0.2"
          }
        },
        "which": {
          "version": "2.0.2",
          "resolved": "https://registry.npmjs.org/which/-/which-2.0.2.tgz",
          "integrity": "sha512-BLI3Tl1TW3Pvl70l3yq3Y64i+awpwXqsGBYWkkqMtnbXgrMD+yj7rhW0kuEDxzJaYXGjEW5ogapKNMEKNMjibA==",
          "dev": true,
          "requires": {
            "isexe": "^2.0.0"
          }
        }
      }
    },
    "grunt-cli": {
      "version": "1.2.0",
      "resolved": "https://registry.npmjs.org/grunt-cli/-/grunt-cli-1.2.0.tgz",
      "integrity": "sha1-VisRnrsGndtGSs4oRVAb6Xs1tqg=",
      "dev": true
    },
    "grunt-contrib-clean": {
      "version": "1.1.0",
      "resolved": "https://registry.npmjs.org/grunt-contrib-clean/-/grunt-contrib-clean-1.1.0.tgz",
      "integrity": "sha1-Vkq/LQN4qYOhW54/MO51tzjEBjg=",
      "dev": true,
      "dependencies": {
        "rimraf": {
          "version": "2.6.1",
          "resolved": "https://registry.npmjs.org/rimraf/-/rimraf-2.6.1.tgz",
          "integrity": "sha1-wjOOxkPfeht/5cVPqG9XQopV8z0="
        }
      }
    },
    "grunt-eslint": {
      "version": "19.0.0",
      "resolved": "https://registry.npmjs.org/grunt-eslint/-/grunt-eslint-19.0.0.tgz",
      "integrity": "sha1-u3TDeQYVmc7B9mFp3vKonYYthhs=",
      "dev": true
    },
    "grunt-rollup": {
      "version": "1.0.1",
      "resolved": "https://registry.npmjs.org/grunt-rollup/-/grunt-rollup-1.0.1.tgz",
      "integrity": "sha1-tBha5n2Ohvt+Gi6SfsvDSfStxNg=",
      "dev": true
    },
    "has": {
      "version": "1.0.3",
      "resolved": "https://registry.npmjs.org/has/-/has-1.0.3.tgz",
      "integrity": "sha512-f2dvO0VU6Oej7RkWJGrehjbzMAjFp5/VKPp5tTpWIV4JHHZK1/BxbFRtf/siA2SWTe09caDmVtYYzWEIbBS4zw==",
      "dev": true,
      "requires": {
        "function-bind": "^1.1.1"
      }
    },
    "has-flag": {
      "version": "4.0.0",
      "resolved": "https://registry.npmjs.org/has-flag/-/has-flag-4.0.0.tgz",
      "integrity": "sha512-EykJT/Q1KjTWctppgIAgfSO0tKVuZUjhgMr17kqTumMl6Afv3EISleU7qZUzoXDFTAHTDC4NOoG/ZxU3EvlMPQ==",
      "dev": true
    },
    "homedir-polyfill": {
      "version": "1.0.3",
      "resolved": "https://registry.npmjs.org/homedir-polyfill/-/homedir-polyfill-1.0.3.tgz",
      "integrity": "sha512-eSmmWE5bZTK2Nou4g0AI3zZ9rswp7GRKoKXS1BLUkvPviOqs4YTN1djQIqrXy9k5gEtdLPy86JjRwsNM9tnDcA==",
      "dev": true,
      "requires": {
        "parse-passwd": "^1.0.0"
      }
    },
    "hooker": {
      "version": "0.2.3",
      "resolved": "https://registry.npmjs.org/hooker/-/hooker-0.2.3.tgz",
      "integrity": "sha1-uDT3I8xKJCqmWWNFnfbZhMXT2Vk=",
      "dev": true
    },
    "iconv-lite": {
      "version": "0.4.17",
      "resolved": "https://registry.npmjs.org/iconv-lite/-/iconv-lite-0.4.17.tgz",
      "integrity": "sha1-T9qjs4rLwsAxsEXQ7c3+HsqxjI0=",
      "dev": true
    },
    "inflight": {
      "version": "1.0.6",
      "resolved": "https://registry.npmjs.org/inflight/-/inflight-1.0.6.tgz",
      "integrity": "sha1-Sb1jMdfQLQwJvJEKEHW6gWW1bfk=",
      "dev": true
    },
    "inherits": {
      "version": "2.0.3",
      "resolved": "https://registry.npmjs.org/inherits/-/inherits-2.0.3.tgz",
      "integrity": "sha1-Yzwsg+PaQqUC9SRmAiSA9CCCYd4=",
      "dev": true
    },
    "ini": {
      "version": "1.3.8",
      "resolved": "https://registry.npmjs.org/ini/-/ini-1.3.8.tgz",
      "integrity": "sha512-JV/yugV2uzW5iMRSiZAyDtQd+nxtUnjeLt0acNdw98kKLrvuRVyB80tsREOE7yvGVgalhZ6RNXCmEHkUKBKxew==",
      "dev": true
    },
    "is-absolute": {
      "version": "1.0.0",
      "resolved": "https://registry.npmjs.org/is-absolute/-/is-absolute-1.0.0.tgz",
      "integrity": "sha512-dOWoqflvcydARa360Gvv18DZ/gRuHKi2NU/wU5X1ZFzdYfH29nkiNZsF3mp4OJ3H4yo9Mx8A/uAGNzpzPN3yBA==",
      "dev": true,
      "requires": {
        "is-relative": "^1.0.0",
        "is-windows": "^1.0.1"
      }
    },
    "is-core-module": {
      "version": "2.9.0",
      "resolved": "https://registry.npmjs.org/is-core-module/-/is-core-module-2.9.0.tgz",
      "integrity": "sha512-+5FPy5PnwmO3lvfMb0AsoPaBG+5KHUI0wYFXOtYPnVVVspTFUuMZNfNaNVRt3FZadstu2c8x23vykRW/NBoU6A==",
      "dev": true,
      "requires": {
        "has": "^1.0.3"
      }
    },
    "is-plain-object": {
      "version": "2.0.4",
      "resolved": "https://registry.npmjs.org/is-plain-object/-/is-plain-object-2.0.4.tgz",
      "integrity": "sha512-h5PpgXkWitc38BBMYawTYMWJHFZJVnBquFE57xFpjB8pJFiF6gZ+bU+WyI/yqXiFR5mdLsgYNaPe8uao6Uv9Og==",
      "dev": true,
      "requires": {
        "isobject": "^3.0.1"
      },
      "dependencies": {
        "isobject": {
          "version": "3.0.1",
          "resolved": "https://registry.npmjs.org/isobject/-/isobject-3.0.1.tgz",
          "integrity": "sha1-TkMekrEalzFjaqH5yNHMvP2reN8=",
          "dev": true
        }
      }
    },
    "is-relative": {
      "version": "1.0.0",
      "resolved": "https://registry.npmjs.org/is-relative/-/is-relative-1.0.0.tgz",
      "integrity": "sha512-Kw/ReK0iqwKeu0MITLFuj0jbPAmEiOsIwyIXvvbfa6QfmN9pkD1M+8pdk7Rl/dTKbH34/XBFMbgD4iMJhLQbGA==",
      "dev": true,
      "requires": {
        "is-unc-path": "^1.0.0"
      }
    },
    "is-unc-path": {
      "version": "1.0.0",
      "resolved": "https://registry.npmjs.org/is-unc-path/-/is-unc-path-1.0.0.tgz",
      "integrity": "sha512-mrGpVd0fs7WWLfVsStvgF6iEJnbjDFZh9/emhRDcGWTduTfNHd9CHeUwH3gYIjdbwo4On6hunkztwOaAw0yllQ==",
      "dev": true,
      "requires": {
        "unc-path-regex": "^0.1.2"
      }
    },
    "is-windows": {
      "version": "1.0.2",
      "resolved": "https://registry.npmjs.org/is-windows/-/is-windows-1.0.2.tgz",
      "integrity": "sha512-eXK1UInq2bPmjyX6e3VHIzMLobc4J94i4AWn+Hpq3OU5KkrRC96OAcR3PRJ/pGu6m8TRnBHP9dkXQVsT/COVIA==",
      "dev": true
    },
    "isexe": {
      "version": "2.0.0",
      "resolved": "https://registry.npmjs.org/isexe/-/isexe-2.0.0.tgz",
      "integrity": "sha1-6PvzdNxVb/iUehDcsFctYz8s+hA=",
      "dev": true
    },
    "liftup": {
      "version": "3.0.1",
      "resolved": "https://registry.npmjs.org/liftup/-/liftup-3.0.1.tgz",
      "integrity": "sha512-yRHaiQDizWSzoXk3APcA71eOI/UuhEkNN9DiW2Tt44mhYzX4joFoCZlxsSOF7RyeLlfqzFLQI1ngFq3ggMPhOw==",
      "dev": true,
      "requires": {
        "extend": "^3.0.2",
        "findup-sync": "^4.0.0",
        "fined": "^1.2.0",
        "flagged-respawn": "^1.0.1",
        "is-plain-object": "^2.0.4",
        "object.map": "^1.0.1",
        "rechoir": "^0.7.0",
        "resolve": "^1.19.0"
      },
      "dependencies": {
        "braces": {
          "version": "3.0.2",
          "resolved": "https://registry.npmjs.org/braces/-/braces-3.0.2.tgz",
          "integrity": "sha512-b8um+L1RzM3WDSzvhm6gIz1yfTbBt6YTlcEKAvsmqCZZFw46z626lVj9j1yEPW33H5H+lBQpZMP1k8l+78Ha0A==",
          "dev": true,
          "requires": {
            "fill-range": "^7.0.1"
          }
        },
        "fill-range": {
          "version": "7.0.1",
          "resolved": "https://registry.npmjs.org/fill-range/-/fill-range-7.0.1.tgz",
          "integrity": "sha512-qOo9F+dMUmC2Lcb4BbVvnKJxTPjCm+RRpe4gDuGrzkL7mEVl/djYSu2OdQ2Pa302N4oqkSg9ir6jaLWJ2USVpQ==",
          "dev": true,
          "requires": {
            "to-regex-range": "^5.0.1"
          }
        },
        "findup-sync": {
          "version": "4.0.0",
          "resolved": "https://registry.npmjs.org/findup-sync/-/findup-sync-4.0.0.tgz",
          "integrity": "sha512-6jvvn/12IC4quLBL1KNokxC7wWTvYncaVUYSoxWw7YykPLuRrnv4qdHcSOywOI5RpkOVGeQRtWM8/q+G6W6qfQ==",
          "dev": true,
          "requires": {
            "detect-file": "^1.0.0",
            "is-glob": "^4.0.0",
            "micromatch": "^4.0.2",
            "resolve-dir": "^1.0.1"
          }
        },
        "is-extglob": {
          "version": "2.1.1",
          "resolved": "https://registry.npmjs.org/is-extglob/-/is-extglob-2.1.1.tgz",
          "integrity": "sha1-qIwCU1eR8C7TfHahueqXc8gz+MI=",
          "dev": true
        },
        "is-glob": {
          "version": "4.0.3",
          "resolved": "https://registry.npmjs.org/is-glob/-/is-glob-4.0.3.tgz",
          "integrity": "sha512-xelSayHH36ZgE7ZWhli7pW34hNbNl8Ojv5KVmkJD4hBdD3th8Tfk9vYasLM+mXWOZhFkgZfxhLSnrwRr4elSSg==",
          "dev": true,
          "requires": {
            "is-extglob": "^2.1.1"
          }
        },
        "micromatch": {
          "version": "4.0.5",
          "resolved": "https://registry.npmjs.org/micromatch/-/micromatch-4.0.5.tgz",
          "integrity": "sha512-DMy+ERcEW2q8Z2Po+WNXuw3c5YaUSFjAO5GsJqfEl7UjvtIuFKO6ZrKvcItdy98dwFI2N1tg3zNIdKaQT+aNdA==",
          "dev": true,
          "requires": {
            "braces": "^3.0.2",
            "picomatch": "^2.3.1"
          }
        },
        "rechoir": {
          "version": "0.7.1",
          "resolved": "https://registry.npmjs.org/rechoir/-/rechoir-0.7.1.tgz",
          "integrity": "sha512-/njmZ8s1wVeR6pjTZ+0nCnv8SpZNRMT2D1RLOJQESlYFDBvwpTA4KWJpZ+sBJ4+vhjILRcK7JIFdGCdxEAAitg==",
          "dev": true,
          "requires": {
            "resolve": "^1.9.0"
          }
        },
        "resolve": {
          "version": "1.22.0",
          "resolved": "https://registry.npmjs.org/resolve/-/resolve-1.22.0.tgz",
          "integrity": "sha512-Hhtrw0nLeSrFQ7phPp4OOcVjLPIeMnRlr5mcnVuMe7M/7eBn98A3hmFRLoFo3DLZkivSYwhRUJTyPyWAk56WLw==",
          "dev": true,
          "requires": {
            "is-core-module": "^2.8.1",
            "path-parse": "^1.0.7",
            "supports-preserve-symlinks-flag": "^1.0.0"
          }
        }
      }
    },
    "load-grunt-tasks": {
      "version": "3.5.2",
      "resolved": "https://registry.npmjs.org/load-grunt-tasks/-/load-grunt-tasks-3.5.2.tgz",
      "integrity": "sha1-ByhWEYD9IP+KaSdQWFL8WKrqDIg=",
      "dev": true
    },
    "make-iterator": {
      "version": "1.0.1",
      "resolved": "https://registry.npmjs.org/make-iterator/-/make-iterator-1.0.1.tgz",
      "integrity": "sha512-pxiuXh0iVEq7VM7KMIhs5gxsfxCux2URptUQaXo4iZZJxBAzTPOLE2BumO5dbfVYq/hBJFBR/a1mFDmOx5AGmw==",
      "dev": true,
      "requires": {
        "kind-of": "^6.0.2"
      },
      "dependencies": {
        "kind-of": {
          "version": "6.0.3",
          "resolved": "https://registry.npmjs.org/kind-of/-/kind-of-6.0.3.tgz",
          "integrity": "sha512-dcS1ul+9tmeD95T+x28/ehLgd9mENa3LsvDTtzm3vyBEO7RPptvAD+t44WVXaUjTBRcrpFeFlC8WCruUR456hw==",
          "dev": true
        }
      }
    },
    "map-cache": {
      "version": "0.2.2",
      "resolved": "https://registry.npmjs.org/map-cache/-/map-cache-0.2.2.tgz",
      "integrity": "sha1-wyq9C9ZSXZsFFkW7TyasXcmKDb8=",
      "dev": true
    },
    "minimatch": {
      "version": "3.0.4",
      "resolved": "https://registry.npmjs.org/minimatch/-/minimatch-3.0.4.tgz",
      "integrity": "sha512-yJHVQEhyqPLUTgt9B83PXu6W3rx4MvvHvSUvToogpwoGDOUQ+yDrR0HRot+yOCdCO7u4hX3pWft6kWBBcqh0UA==",
      "dev": true
    },
    "nopt": {
      "version": "3.0.6",
      "resolved": "https://registry.npmjs.org/nopt/-/nopt-3.0.6.tgz",
      "integrity": "sha1-xkZdvwirzU2zWTF/eaxopkayj/k=",
      "dev": true
    },
    "object.defaults": {
      "version": "1.1.0",
      "resolved": "https://registry.npmjs.org/object.defaults/-/object.defaults-1.1.0.tgz",
      "integrity": "sha1-On+GgzS0B96gbaFtiNXNKeQ1/s8=",
      "dev": true,
      "requires": {
        "array-each": "^1.0.1",
        "array-slice": "^1.0.0",
        "for-own": "^1.0.0",
        "isobject": "^3.0.0"
      },
      "dependencies": {
        "for-own": {
          "version": "1.0.0",
          "resolved": "https://registry.npmjs.org/for-own/-/for-own-1.0.0.tgz",
          "integrity": "sha1-xjMy9BXO3EsE2/5wz4NklMU8tEs=",
          "dev": true,
          "requires": {
            "for-in": "^1.0.1"
          }
        },
        "isobject": {
          "version": "3.0.1",
          "resolved": "https://registry.npmjs.org/isobject/-/isobject-3.0.1.tgz",
          "integrity": "sha1-TkMekrEalzFjaqH5yNHMvP2reN8=",
          "dev": true
        }
      }
    },
    "object.map": {
      "version": "1.0.1",
      "resolved": "https://registry.npmjs.org/object.map/-/object.map-1.0.1.tgz",
      "integrity": "sha1-z4Plncj8wK1fQlDh94s7gb2AHTc=",
      "dev": true,
      "requires": {
        "for-own": "^1.0.0",
        "make-iterator": "^1.0.0"
      },
      "dependencies": {
        "for-own": {
          "version": "1.0.0",
          "resolved": "https://registry.npmjs.org/for-own/-/for-own-1.0.0.tgz",
          "integrity": "sha1-xjMy9BXO3EsE2/5wz4NklMU8tEs=",
          "dev": true,
          "requires": {
            "for-in": "^1.0.1"
          }
        }
      }
    },
    "object.pick": {
      "version": "1.3.0",
      "resolved": "https://registry.npmjs.org/object.pick/-/object.pick-1.3.0.tgz",
      "integrity": "sha1-h6EKxMFpS9Lhy/U1kaZhQftd10c=",
      "dev": true,
      "requires": {
        "isobject": "^3.0.1"
      },
      "dependencies": {
        "isobject": {
          "version": "3.0.1",
          "resolved": "https://registry.npmjs.org/isobject/-/isobject-3.0.1.tgz",
          "integrity": "sha1-TkMekrEalzFjaqH5yNHMvP2reN8=",
          "dev": true
        }
      }
    },
    "once": {
      "version": "1.4.0",
      "resolved": "https://registry.npmjs.org/once/-/once-1.4.0.tgz",
      "integrity": "sha1-WDsap3WWHUsROsF9nFC6753Xa9E=",
      "dev": true
    },
    "os-homedir": {
      "version": "1.0.2",
      "resolved": "https://registry.npmjs.org/os-homedir/-/os-homedir-1.0.2.tgz",
      "integrity": "sha1-/7xJiDNuDoM94MFox+8VISGqf7M=",
      "dev": true
    },
    "os-tmpdir": {
      "version": "1.0.2",
      "resolved": "https://registry.npmjs.org/os-tmpdir/-/os-tmpdir-1.0.2.tgz",
      "integrity": "sha1-u+Z0BseaqFxc/sdm/lc0VV36EnQ=",
      "dev": true
    },
    "osenv": {
      "version": "0.1.5",
      "resolved": "https://registry.npmjs.org/osenv/-/osenv-0.1.5.tgz",
      "integrity": "sha512-0CWcCECdMVc2Rw3U5w9ZjqX6ga6ubk1xDVKxtBQPK7wis/0F2r9T6k4ydGYhecl7YUBxBVxhL5oisPsNxAPe2g==",
      "dev": true,
      "requires": {
        "os-homedir": "^1.0.0",
        "os-tmpdir": "^1.0.0"
      }
    },
    "parse-filepath": {
      "version": "1.0.2",
      "resolved": "https://registry.npmjs.org/parse-filepath/-/parse-filepath-1.0.2.tgz",
      "integrity": "sha1-pjISf1Oq89FYdvWHLz/6x2PWyJE=",
      "dev": true,
      "requires": {
        "is-absolute": "^1.0.0",
        "map-cache": "^0.2.0",
        "path-root": "^0.1.1"
      }
    },
    "parse-passwd": {
      "version": "1.0.0",
      "resolved": "https://registry.npmjs.org/parse-passwd/-/parse-passwd-1.0.0.tgz",
      "integrity": "sha1-bVuTSkVpk7I9N/QKOC1vFmao5cY=",
      "dev": true
    },
    "path-is-absolute": {
      "version": "1.0.1",
      "resolved": "https://registry.npmjs.org/path-is-absolute/-/path-is-absolute-1.0.1.tgz",
      "integrity": "sha1-F0uSaHNVNP+8es5r9TpanhtcX18=",
      "dev": true
    },
    "path-parse": {
      "version": "1.0.7",
      "resolved": "https://registry.npmjs.org/path-parse/-/path-parse-1.0.7.tgz",
      "integrity": "sha512-LDJzPVEEEPR+y48z93A0Ed0yXb8pAByGWo/k5YYdYgpY2/2EsOsksJrq7lOHxryrVOn1ejG6oAp8ahvOIQD8sw==",
      "dev": true
    },
    "path-root": {
      "version": "0.1.1",
      "resolved": "https://registry.npmjs.org/path-root/-/path-root-0.1.1.tgz",
      "integrity": "sha1-mkpoFMrBwM1zNgqV8yCDyOpHRbc=",
      "dev": true,
      "requires": {
        "path-root-regex": "^0.1.0"
      }
    },
    "path-root-regex": {
      "version": "0.1.2",
      "resolved": "https://registry.npmjs.org/path-root-regex/-/path-root-regex-0.1.2.tgz",
      "integrity": "sha1-v8zcjfWxLcUsi0PsONGNcsBLqW0=",
      "dev": true
    },
    "picomatch": {
      "version": "2.3.1",
      "resolved": "https://registry.npmjs.org/picomatch/-/picomatch-2.3.1.tgz",
      "integrity": "sha512-JU3teHTNjmE2VCGFzuY8EXzCDVwEqB2a8fsIvwaStHhAWJEeVd1o1QD80CU6+ZdEXXSLbSsuLwJjkCBWqRQUVA==",
      "dev": true
    },
    "qrious-core": {
      "version": "4.0.0",
      "resolved": "https://registry.npmjs.org/qrious-core/-/qrious-core-4.0.0.tgz",
      "integrity": "sha512-pZ2GEfc9F1uFCmmS8BQZa/cP0zf3LGNCgPxa/hD+Lt5Xm0QVzYC13cdENjztJ0qk4cgrXLSJfjjMnooR+oLYGw==",
      "dev": true
    },
    "resolve-dir": {
      "version": "1.0.1",
      "resolved": "https://registry.npmjs.org/resolve-dir/-/resolve-dir-1.0.1.tgz",
      "integrity": "sha1-eaQGRMNivoLybv/nOcm7U4IEb0M=",
      "dev": true,
      "requires": {
        "expand-tilde": "^2.0.0",
        "global-modules": "^1.0.0"
      }
    },
    "rollup-plugin-commonjs": {
      "version": "8.0.2",
      "resolved": "https://registry.npmjs.org/rollup-plugin-commonjs/-/rollup-plugin-commonjs-8.0.2.tgz",
      "integrity": "sha1-mLFYm/4ypsD2d5C2DAtJmXKv7Yk=",
      "dev": true,
      "dependencies": {
        "acorn": {
          "version": "4.0.13",
          "resolved": "https://registry.npmjs.org/acorn/-/acorn-4.0.13.tgz",
          "integrity": "sha1-EFSVrlNh1pe9GVyCUZLhrX8lN4c="
        }
      }
    },
    "rollup-plugin-node-resolve": {
      "version": "3.0.0",
      "resolved": "https://registry.npmjs.org/rollup-plugin-node-resolve/-/rollup-plugin-node-resolve-3.0.0.tgz",
      "integrity": "sha1-i4l8TDAw1QASd7BRSyXSygloPuA=",
      "dev": true
    },
    "rollup-plugin-uglify": {
      "version": "2.0.1",
      "resolved": "https://registry.npmjs.org/rollup-plugin-uglify/-/rollup-plugin-uglify-2.0.1.tgz",
      "integrity": "sha1-Z7N60e/a+9g69MNrQMGJ7khmyWk=",
      "dev": true
    },
    "supports-preserve-symlinks-flag": {
      "version": "1.0.0",
      "resolved": "https://registry.npmjs.org/supports-preserve-symlinks-flag/-/supports-preserve-symlinks-flag-1.0.0.tgz",
      "integrity": "sha512-ot0WnXS9fgdkgIcePe6RHNk1WA8+muPa6cSjeR3V8K27q9BB1rTE3R1p7Hv0z1ZyAc8s6Vvv8DIyWf681MAt0w==",
      "dev": true
    },
    "to-regex-range": {
      "version": "5.0.1",
      "resolved": "https://registry.npmjs.org/to-regex-range/-/to-regex-range-5.0.1.tgz",
      "integrity": "sha512-65P7iz6X5yEr1cwcgvQxbbIw7Uk3gOy5dIdtZ4rDveLqhrdJP+Li/Hx6tyK0NEb+2GCyneCMJiGqrADCSNk8sQ==",
      "dev": true,
      "requires": {
        "is-number": "^7.0.0"
      },
      "dependencies": {
        "is-number": {
          "version": "7.0.0",
          "resolved": "https://registry.npmjs.org/is-number/-/is-number-7.0.0.tgz",
          "integrity": "sha512-41Cifkg6e8TylSpdtTpeLVMqvSBEVzTttHvERD741+pnZ8ANv0004MRL43QKPDlK9cGvNp6NZWZUBlbGXYxxng==",
          "dev": true
        }
      }
    },
    "unc-path-regex": {
      "version": "0.1.2",
      "resolved": "https://registry.npmjs.org/unc-path-regex/-/unc-path-regex-0.1.2.tgz",
      "integrity": "sha1-5z3T17DXxe2G+6xrCufYxqadUPo=",
      "dev": true
    },
    "util-deprecate": {
      "version": "1.0.2",
      "resolved": "https://registry.npmjs.org/util-deprecate/-/util-deprecate-1.0.2.tgz",
      "integrity": "sha1-RQ1Nyfpw3nMnYvvS1KKJgUGaDM8=",
      "dev": true
    },
    "v8flags": {
      "version": "3.2.0",
      "resolved": "https://registry.npmjs.org/v8flags/-/v8flags-3.2.0.tgz",
      "integrity": "sha512-mH8etigqMfiGWdeXpaaqGfs6BndypxusHHcv2qSHyZkGEznCd/qAXCWWRzeowtL54147cktFOC4P5y+kl8d8Jg==",
      "dev": true,
      "requires": {
        "homedir-polyfill": "^1.0.1"
      }
    },
    "which": {
      "version": "1.2.14",
      "resolved": "https://registry.npmjs.org/which/-/which-1.2.14.tgz",
      "integrity": "sha1-mofEN48D6CfOyvGs31bHNsAcFOU=",
      "dev": true
    }
  }
}
